[[package]]
name = "cowsay"
version = "4.0"
description = "The famous cowsay for GNU/Linux is now available for python"
category = "main"
optional = false
python-versions = "*"

[[package]]
name = "invoke"
version = "1.7.0"
description = "Pythonic task execution"
category = "main"
optional = false
python-versions = "*"

[metadata]
lock-version = "1.1"
python-versions = "^3.8"
content-hash = "7555ec2c6cd7b944d3578daa09ccb6a0d5e1249b7fcf9c60f2f34889ddf5add0"

[metadata.files]
cowsay = [
    {file = "cowsay-4.0-py2.py3-none-any.whl", hash = "sha256:2594b11d6624fff4bf5147b6bdd510ada54a7b5b4e3f2b15ac2a6d3cf99e0bf8"},
    {file = "cowsay-4.0.tar.gz", hash = "sha256:a9e1e5f957054010b7faa6406deb5f6aa5cb674498118bbbed0151f92c2dc20e"},
]
invoke = [
    {file = "invoke-1.7.0-py3-none-any.whl", hash = "sha256:a5159fc63dba6ca2a87a1e33d282b99cea69711b03c64a35bb4e1c53c6c4afa0"},
    {file = "invoke-1.7.0.tar.gz", hash = "sha256:e332e49de40463f2016315f51df42313855772be86435686156bc18f45b5cc6c"},
]
